
Microsoft Visual Studio Solution File, Format Version 12.00
# Visual Studio Version 16
VisualStudioVersion = 16.0.30804.86
MinimumVisualStudioVersion = 10.0.40219.1
Project("{FAE04EC0-301F-11D3-BF4B-00C04F79EFBC}") = "UkolPraceSeSoubory", "UkolPraceSeSoubory\UkolPraceSeSoubory.csproj", "{3ABEAE30-10E9-4446-AEE7-76FBD9D34481}"
EndProject
Global
	GlobalSection(SolutionConfigurationPlatforms) = preSolution
		Debug|Any CPU = Debug|Any CPU
		Release|Any CPU = Release|Any CPU
	EndGlobalSection
	GlobalSection(ProjectConfigurationPlatforms) = postSolution
		{3ABEAE30-10E9-4446-AEE7-76FBD9D34481}.Debug|Any CPU.ActiveCfg = Debug|Any CPU
		{3ABEAE30-10E9-4446-AEE7-76FBD9D34481}.Debug|Any CPU.Build.0 = Debug|Any CPU
		{3ABEAE30-10E9-4446-AEE7-76FBD9D34481}.Release|Any CPU.ActiveCfg = Release|Any CPU
		{3ABEAE30-10E9-4446-AEE7-76FBD9D34481}.Release|Any CPU.Build.0 = Release|Any CPU
	EndGlobalSection
	GlobalSection(SolutionProperties) = preSolution
		HideSolutionNode = FALSE
	EndGlobalSection
	GlobalSection(ExtensibilityGlobals) = postSolution
		SolutionGuid = {AC67BBFC-725C-49BA-BE11-9C819FDD59BB}
	EndGlobalSection
EndGlobal
