
Microsoft Visual Studio Solution File, Format Version 12.00
# Visual Studio Version 16
VisualStudioVersion = 16.0.30804.86
MinimumVisualStudioVersion = 10.0.40219.1
Project("{FAE04EC0-301F-11D3-BF4B-00C04F79EFBC}") = "BankaUkol", "BankaUkol\BankaUkol.csproj", "{706A930A-F31F-4C6E-818D-49951F019297}"
EndProject
Global
	GlobalSection(SolutionConfigurationPlatforms) = preSolution
		Debug|Any CPU = Debug|Any CPU
		Release|Any CPU = Release|Any CPU
	EndGlobalSection
	GlobalSection(ProjectConfigurationPlatforms) = postSolution
		{706A930A-F31F-4C6E-818D-49951F019297}.Debug|Any CPU.ActiveCfg = Debug|Any CPU
		{706A930A-F31F-4C6E-818D-49951F019297}.Debug|Any CPU.Build.0 = Debug|Any CPU
		{706A930A-F31F-4C6E-818D-49951F019297}.Release|Any CPU.ActiveCfg = Release|Any CPU
		{706A930A-F31F-4C6E-818D-49951F019297}.Release|Any CPU.Build.0 = Release|Any CPU
	EndGlobalSection
	GlobalSection(SolutionProperties) = preSolution
		HideSolutionNode = FALSE
	EndGlobalSection
	GlobalSection(ExtensibilityGlobals) = postSolution
		SolutionGuid = {5B7E74EC-3AAF-4BD0-B38D-A88BA16A42B5}
	EndGlobalSection
EndGlobal
